// !$*UTF8*$!
{
	archiveVersion = 1;
	classes = {
	};
	objectVersion = 77;
	objects = {

/* Begin PBXContainerItemProxy section */
		3F41912F2D4EE22400B4E87A /* PBXContainerItemProxy */ = {
			isa = PBXContainerItemProxy;
			containerPortal = 3F4191162D4EE22000B4E87A /* Project object */;
			proxyType = 1;
			remoteGlobalIDString = 3F41911D2D4EE22000B4E87A;
			remoteInfo = BigBudget;
		};
		3F4191392D4EE22400B4E87A /* PBXContainerItemProxy */ = {
			isa = PBXContainerItemProxy;
			containerPortal = 3F4191162D4EE22000B4E87A /* Project object */;
			proxyType = 1;
			remoteGlobalIDString = 3F41911D2D4EE22000B4E87A;
			remoteInfo = BigBudget;
		};
/* End PBXContainerItemProxy section */

/* Begin PBXFileReference section */
		3F41911E2D4EE22000B4E87A /* BigBudget.app */ = {isa = PBXFileReference; explicitFileType = wrapper.application; includeInIndex = 0; path = BigBudget.app; sourceTree = BUILT_PRODUCTS_DIR; };
		3F41912E2D4EE22400B4E87A /* BigBudgetTests.xctest */ = {isa = PBXFileReference; explicitFileType = wrapper.cfbundle; includeInIndex = 0; path = BigBudgetTests.xctest; sourceTree = BUILT_PRODUCTS_DIR; };
		3F4191382D4EE22400B4E87A /* BigBudgetUITests.xctest */ = {isa = PBXFileReference; explicitFileType = wrapper.cfbundle; includeInIndex = 0; path = BigBudgetUITests.xctest; sourceTree = BUILT_PRODUCTS_DIR; };
/* End PBXFileReference section */

/* Begin PBXFileSystemSynchronizedRootGroup section */
		3F4191202D4EE22000B4E87A /* BigBudget */ = {
			isa = PBXFileSystemSynchronizedRootGroup;
			path = BigBudget;
			sourceTree = "<group>";
		};
		3F4191312D4EE22400B4E87A /* BigBudgetTests */ = {
			isa = PBXFileSystemSynchronizedRootGroup;
			path = BigBudgetTests;
			sourceTree = "<group>";
		};
		3F41913B2D4EE22400B4E87A /* BigBudgetUITests */ = {
			isa = PBXFileSystemSynchronizedRootGroup;
			path = BigBudgetUITests;
			sourceTree = "<group>";
		};
/* End PBXFileSystemSynchronizedRootGroup section */

/* Begin PBXFrameworksBuildPhase section */
		3F41911B2D4EE22000B4E87A /* Frameworks */ = {
			isa = PBXFrameworksBuildPhase;
			buildActionMask = 2147483647;
			files = (
			);
			runOnlyForDeploymentPostprocessing = 0;
		};
		3F41912B2D4EE22400B4E87A /* Frameworks */ = {
			isa = PBXFrameworksBuildPhase;
			buildActionMask = 2147483647;
			files = (
			);
			runOnlyForDeploymentPostprocessing = 0;
		};
		3F4191352D4EE22400B4E87A /* Frameworks */ = {
			isa = PBXFrameworksBuildPhase;
			buildActionMask = 2147483647;
			files = (
			);
			runOnlyForDeploymentPostprocessing = 0;
		};
/* End PBXFrameworksBuildPhase section */

/* Begin PBXGroup section */
		3F4191152D4EE22000B4E87A = {
			isa = PBXGroup;
			children = (
				3F4191202D4EE22000B4E87A /* BigBudget */,
				3F4191312D4EE22400B4E87A /* BigBudgetTests */,
				3F41913B2D4EE22400B4E87A /* BigBudgetUITests */,
				3F41911F2D4EE22000B4E87A /* Products */,
			);
			sourceTree = "<group>";
		};
		3F41911F2D4EE22000B4E87A /* Products */ = {
			isa = PBXGroup;
			children = (
				3F41911E2D4EE22000B4E87A /* BigBudget.app */,
				3F41912E2D4EE22400B4E87A /* BigBudgetTests.xctest */,
				3F4191382D4EE22400B4E87A /* BigBudgetUITests.xctest */,
			);
			name = Products;
			sourceTree = "<group>";
		};
/* End PBXGroup section */

/* Begin PBXNativeTarget section */
		3F41911D2D4EE22000B4E87A /* BigBudget */ = {
			isa = PBXNativeTarget;
			buildConfigurationList = 3F4191422D4EE22400B4E87A /* Build configuration list for PBXNativeTarget "BigBudget" */;
			buildPhases = (
				3F41911A2D4EE22000B4E87A /* Sources */,
				3F41911B2D4EE22000B4E87A /* Frameworks */,
				3F41911C2D4EE22000B4E87A /* Resources */,
			);
			buildRules = (
			);
			dependencies = (
			);
			fileSystemSynchronizedGroups = (
				3F4191202D4EE22000B4E87A /* BigBudget */,
			);
			name = BigBudget;
			packageProductDependencies = (
			);
			productName = BigBudget;
			productReference = 3F41911E2D4EE22000B4E87A /* BigBudget.app */;
			productType = "com.apple.product-type.application";
		};
		3F41912D2D4EE22400B4E87A /* BigBudgetTests */ = {
			isa = PBXNativeTarget;
			buildConfigurationList = 3F4191452D4EE22400B4E87A /* Build configuration list for PBXNativeTarget "BigBudgetTests" */;
			buildPhases = (
				3F41912A2D4EE22400B4E87A /* Sources */,
				3F41912B2D4EE22400B4E87A /* Frameworks */,
				3F41912C2D4EE22400B4E87A /* Resources */,
			);
			buildRules = (
			);
			dependencies = (
				3F4191302D4EE22400B4E87A /* PBXTargetDependency */,
			);
			fileSystemSynchronizedGroups = (
				3F4191312D4EE22400B4E87A /* BigBudgetTests */,
			);
			name = BigBudgetTests;
			packageProductDependencies = (
			);
			productName = BigBudgetTests;
			productReference = 3F41912E2D4EE22400B4E87A /* BigBudgetTests.xctest */;
			productType = "com.apple.product-type.bundle.unit-test";
		};
		3F4191372D4EE22400B4E87A /* BigBudgetUITests */ = {
			isa = PBXNativeTarget;
			buildConfigurationList = 3F4191482D4EE22400B4E87A /* Build configuration list for PBXNativeTarget "BigBudgetUITests" */;
			buildPhases = (
				3F4191342D4EE22400B4E87A /* Sources */,
				3F4191352D4EE22400B4E87A /* Frameworks */,
				3F4191362D4EE22400B4E87A /* Resources */,
			);
			buildRules = (
			);
			dependencies = (
				3F41913A2D4EE22400B4E87A /* PBXTargetDependency */,
			);
			fileSystemSynchronizedGroups = (
				3F41913B2D4EE22400B4E87A /* BigBudgetUITests */,
			);
			name = BigBudgetUITests;
			packageProductDependencies = (
			);
			productName = BigBudgetUITests;
			productReference = 3F4191382D4EE22400B4E87A /* BigBudgetUITests.xctest */;
			productType = "com.apple.product-type.bundle.ui-testing";
		};
/* End PBXNativeTarget section */

/* Begin PBXProject section */
		3F4191162D4EE22000B4E87A /* Project object */ = {
			isa = PBXProject;
			attributes = {
				BuildIndependentTargetsInParallel = 1;
				LastSwiftUpdateCheck = 1620;
				LastUpgradeCheck = 1620;
				TargetAttributes = {
					3F41911D2D4EE22000B4E87A = {
						CreatedOnToolsVersion = 16.2;
					};
					3F41912D2D4EE22400B4E87A = {
						CreatedOnToolsVersion = 16.2;
						TestTargetID = 3F41911D2D4EE22000B4E87A;
					};
					3F4191372D4EE22400B4E87A = {
						CreatedOnToolsVersion = 16.2;
						TestTargetID = 3F41911D2D4EE22000B4E87A;
					};
				};
			};
			buildConfigurationList = 3F4191192D4EE22000B4E87A /* Build configuration list for PBXProject "BigBudget" */;
			developmentRegion = en;
			hasScannedForEncodings = 0;
			knownRegions = (
				en,
				Base,
			);
			mainGroup = 3F4191152D4EE22000B4E87A;
			minimizedProjectReferenceProxies = 1;
			preferredProjectObjectVersion = 77;
			productRefGroup = 3F41911F2D4EE22000B4E87A /* Products */;
			projectDirPath = "";
			projectRoot = "";
			targets = (
				3F41911D2D4EE22000B4E87A /* BigBudget */,
				3F41912D2D4EE22400B4E87A /* BigBudgetTests */,
				3F4191372D4EE22400B4E87A /* BigBudgetUITests */,
			);
		};
/* End PBXProject section */

/* Begin PBXResourcesBuildPhase section */
		3F41911C2D4EE22000B4E87A /* Resources */ = {
			isa = PBXResourcesBuildPhase;
			buildActionMask = 2147483647;
			files = (
			);
			runOnlyForDeploymentPostprocessing = 0;
		};
		3F41912C2D4EE22400B4E87A /* Resources */ = {
			isa = PBXResourcesBuildPhase;
			buildActionMask = 2147483647;
			files = (
			);
			runOnlyForDeploymentPostprocessing = 0;
		};
		3F4191362D4EE22400B4E87A /* Resources */ = {
			isa = PBXResourcesBuildPhase;
			buildActionMask = 2147483647;
			files = (
			);
			runOnlyForDeploymentPostprocessing = 0;
		};
/* End PBXResourcesBuildPhase section */

/* Begin PBXSourcesBuildPhase section */
		3F41911A2D4EE22000B4E87A /* Sources */ = {
			isa = PBXSourcesBuildPhase;
			buildActionMask = 2147483647;
			files = (
			);
			runOnlyForDeploymentPostprocessing = 0;
		};
		3F41912A2D4EE22400B4E87A /* Sources */ = {
			isa = PBXSourcesBuildPhase;
			buildActionMask = 2147483647;
			files = (
			);
			runOnlyForDeploymentPostprocessing = 0;
		};
		3F4191342D4EE22400B4E87A /* Sources */ = {
			isa = PBXSourcesBuildPhase;
			buildActionMask = 2147483647;
			files = (
			);
			runOnlyForDeploymentPostprocessing = 0;
		};
/* End PBXSourcesBuildPhase section */

/* Begin PBXTargetDependency section */
		3F4191302D4EE22400B4E87A /* PBXTargetDependency */ = {
			isa = PBXTargetDependency;
			target = 3F41911D2D4EE22000B4E87A /* BigBudget */;
			targetProxy = 3F41912F2D4EE22400B4E87A /* PBXContainerItemProxy */;
		};
		3F41913A2D4EE22400B4E87A /* PBXTargetDependency */ = {
			isa = PBXTargetDependency;
			target = 3F41911D2D4EE22000B4E87A /* BigBudget */;
			targetProxy = 3F4191392D4EE22400B4E87A /* PBXContainerItemProxy */;
		};
/* End PBXTargetDependency section */

/* Begin XCBuildConfiguration section */
		3F4191402D4EE22400B4E87A /* Debug */ = {
			isa = XCBuildConfiguration;
			buildSettings = {
				ALWAYS_SEARCH_USER_PATHS = NO;
				ASSETCATALOG_COMPILER_GENERATE_SWIFT_ASSET_SYMBOL_EXTENSIONS = YES;
				CLANG_ANALYZER_NONNULL = YES;
				CLANG_ANALYZER_NUMBER_OBJECT_CONVERSION = YES_AGGRESSIVE;
				CLANG_CXX_LANGUAGE_STANDARD = "gnu++20";
				CLANG_ENABLE_MODULES = YES;
				CLANG_ENABLE_OBJC_ARC = YES;
				CLANG_ENABLE_OBJC_WEAK = YES;
				CLANG_WARN_BLOCK_CAPTURE_AUTORELEASING = YES;
				CLANG_WARN_BOOL_CONVERSION = YES;
				CLANG_WARN_COMMA = YES;
				CLANG_WARN_CONSTANT_CONVERSION = YES;
				CLANG_WARN_DEPRECATED_OBJC_IMPLEMENTATIONS = YES;
				CLANG_WARN_DIRECT_OBJC_ISA_USAGE = YES_ERROR;
				CLANG_WARN_DOCUMENTATION_COMMENTS = YES;
				CLANG_WARN_EMPTY_BODY = YES;
				CLANG_WARN_ENUM_CONVERSION = YES;
				CLANG_WARN_INFINITE_RECURSION = YES;
				CLANG_WARN_INT_CONVERSION = YES;
				CLANG_WARN_NON_LITERAL_NULL_CONVERSION = YES;
				CLANG_WARN_OBJC_IMPLICIT_RETAIN_SELF = YES;
				CLANG_WARN_OBJC_LITERAL_CONVERSION = YES;
				CLANG_WARN_OBJC_ROOT_CLASS = YES_ERROR;
				CLANG_WARN_QUOTED_INCLUDE_IN_FRAMEWORK_HEADER = YES;
				CLANG_WARN_RANGE_LOOP_ANALYSIS = YES;
				CLANG_WARN_STRICT_PROTOTYPES = YES;
				CLANG_WARN_SUSPICIOUS_MOVE = YES;
				CLANG_WARN_UNGUARDED_AVAILABILITY = YES_AGGRESSIVE;
				CLANG_WARN_UNREACHABLE_CODE = YES;
				CLANG_WARN__DUPLICATE_METHOD_MATCH = YES;
				COPY_PHASE_STRIP = NO;
				DEBUG_INFORMATION_FORMAT = dwarf;
				ENABLE_STRICT_OBJC_MSGSEND = YES;
				ENABLE_TESTABILITY = YES;
				ENABLE_USER_SCRIPT_SANDBOXING = YES;
				GCC_C_LANGUAGE_STANDARD = gnu17;
				GCC_DYNAMIC_NO_PIC = NO;
				GCC_NO_COMMON_BLOCKS = YES;
				GCC_OPTIMIZATION_LEVEL = 0;
				GCC_PREPROCESSOR_DEFINITIONS = (
					"DEBUG=1",
					"$(inherited)",
				);
				GCC_WARN_64_TO_32_BIT_CONVERSION = YES;
				GCC_WARN_ABOUT_RETURN_TYPE = YES_ERROR;
				GCC_WARN_UNDECLARED_SELECTOR = YES;
				GCC_WARN_UNINITIALIZED_AUTOS = YES_AGGRESSIVE;
				GCC_WARN_UNUSED_FUNCTION = YES;
				GCC_WARN_UNUSED_VARIABLE = YES;
				IPHONEOS_DEPLOYMENT_TARGET = 18.2;
				LOCALIZATION_PREFERS_STRING_CATALOGS = YES;
				MTL_ENABLE_DEBUG_INFO = INCLUDE_SOURCE;
				MTL_FAST_MATH = YES;
				ONLY_ACTIVE_ARCH = YES;
				SDKROOT = iphoneos;
				SWIFT_ACTIVE_COMPILATION_CONDITIONS = "DEBUG $(inherited)";
				SWIFT_OPTIMIZATION_LEVEL = "-Onone";
			};
			name = Debug;
		};
		3F4191412D4EE22400B4E87A /* Release */ = {
			isa = XCBuildConfiguration;
			buildSettings = {
				ALWAYS_SEARCH_USER_PATHS = NO;
				ASSETCATALOG_COMPILER_GENERATE_SWIFT_ASSET_SYMBOL_EXTENSIONS = YES;
				CLANG_ANALYZER_NONNULL = YES;
				CLANG_ANALYZER_NUMBER_OBJECT_CONVERSION = YES_AGGRESSIVE;
				CLANG_CXX_LANGUAGE_STANDARD = "gnu++20";
				CLANG_ENABLE_MODULES = YES;
				CLANG_ENABLE_OBJC_ARC = YES;
				CLANG_ENABLE_OBJC_WEAK = YES;
				CLANG_WARN_BLOCK_CAPTURE_AUTORELEASING = YES;
				CLANG_WARN_BOOL_CONVERSION = YES;
				CLANG_WARN_COMMA = YES;
				CLANG_WARN_CONSTANT_CONVERSION = YES;
				CLANG_WARN_DEPRECATED_OBJC_IMPLEMENTATIONS = YES;
				CLANG_WARN_DIRECT_OBJC_ISA_USAGE = YES_ERROR;
				CLANG_WARN_DOCUMENTATION_COMMENTS = YES;
				CLANG_WARN_EMPTY_BODY = YES;
				CLANG_WARN_ENUM_CONVERSION = YES;
				CLANG_WARN_INFINITE_RECURSION = YES;
				CLANG_WARN_INT_CONVERSION = YES;
				CLANG_WARN_NON_LITERAL_NULL_CONVERSION = YES;
				CLANG_WARN_OBJC_IMPLICIT_RETAIN_SELF = YES;
				CLANG_WARN_OBJC_LITERAL_CONVERSION = YES;
				CLANG_WARN_OBJC_ROOT_CLASS = YES_ERROR;
				CLANG_WARN_QUOTED_INCLUDE_IN_FRAMEWORK_HEADER = YES;
				CLANG_WARN_RANGE_LOOP_ANALYSIS = YES;
				CLANG_WARN_STRICT_PROTOTYPES = YES;
				CLANG_WARN_SUSPICIOUS_MOVE = YES;
				CLANG_WARN_UNGUARDED_AVAILABILITY = YES_AGGRESSIVE;
				CLANG_WARN_UNREACHABLE_CODE = YES;
				CLANG_WARN__DUPLICATE_METHOD_MATCH = YES;
				COPY_PHASE_STRIP = NO;
				DEBUG_INFORMATION_FORMAT = "dwarf-with-dsym";
				ENABLE_NS_ASSERTIONS = NO;
				ENABLE_STRICT_OBJC_MSGSEND = YES;
				ENABLE_USER_SCRIPT_SANDBOXING = YES;
				GCC_C_LANGUAGE_STANDARD = gnu17;
				GCC_NO_COMMON_BLOCKS = YES;
				GCC_WARN_64_TO_32_BIT_CONVERSION = YES;
				GCC_WARN_ABOUT_RETURN_TYPE = YES_ERROR;
				GCC_WARN_UNDECLARED_SELECTOR = YES;
				GCC_WARN_UNINITIALIZED_AUTOS = YES_AGGRESSIVE;
				GCC_WARN_UNUSED_FUNCTION = YES;
				GCC_WARN_UNUSED_VARIABLE = YES;
				IPHONEOS_DEPLOYMENT_TARGET = 18.2;
				LOCALIZATION_PREFERS_STRING_CATALOGS = YES;
				MTL_ENABLE_DEBUG_INFO = NO;
				MTL_FAST_MATH = YES;
				SDKROOT = iphoneos;
				SWIFT_COMPILATION_MODE = wholemodule;
				VALIDATE_PRODUCT = YES;
			};
			name = Release;
		};
		3F4191432D4EE22400B4E87A /* Debug */ = {
			isa = XCBuildConfiguration;
			buildSettings = {
				ASSETCATALOG_COMPILER_APPICON_NAME = AppIcon;
				ASSETCATALOG_COMPILER_GLOBAL_ACCENT_COLOR_NAME = AccentColor;
				CODE_SIGN_STYLE = Automatic;
				CURRENT_PROJECT_VERSION = 1;
				DEVELOPMENT_ASSET_PATHS = "\"BigBudget/Preview Content\"";
				DEVELOPMENT_TEAM = D5S2EKZX38;
				ENABLE_PREVIEWS = YES;
				GENERATE_INFOPLIST_FILE = YES;
				INFOPLIST_KEY_LSApplicationCategoryType = "public.app-category.finance";
				INFOPLIST_KEY_UIApplicationSceneManifest_Generation = YES;
				INFOPLIST_KEY_UIApplicationSupportsIndirectInputEvents = YES;
				INFOPLIST_KEY_UILaunchScreen_Generation = YES;
				INFOPLIST_KEY_UISupportedInterfaceOrientations = UIInterfaceOrientationPortrait;
				IPHONEOS_DEPLOYMENT_TARGET = 18.0;
				LD_RUNPATH_SEARCH_PATHS = (
					"$(inherited)",
					"@executable_path/Frameworks",
				);
				MARKETING_VERSION = 1.0;
				PRODUCT_BUNDLE_IDENTIFIER = hfg.BigBudget;
				PRODUCT_NAME = "$(TARGET_NAME)";
				SWIFT_EMIT_LOC_STRINGS = YES;
				SWIFT_VERSION = 5.0;
				TARGETED_DEVICE_FAMILY = 1;
			};
			name = Debug;
		};
		3F4191442D4EE22400B4E87A /* Release */ = {
			isa = XCBuildConfiguration;
			buildSettings = {
				ASSETCATALOG_COMPILER_APPICON_NAME = AppIcon;
				ASSETCATALOG_COMPILER_GLOBAL_ACCENT_COLOR_NAME = AccentColor;
				CODE_SIGN_STYLE = Automatic;
				CURRENT_PROJECT_VERSION = 1;
				DEVELOPMENT_ASSET_PATHS = "\"BigBudget/Preview Content\"";
				DEVELOPMENT_TEAM = D5S2EKZX38;
				ENABLE_PREVIEWS = YES;
				GENERATE_INFOPLIST_FILE = YES;
				INFOPLIST_KEY_LSApplicationCategoryType = "public.app-category.finance";
				INFOPLIST_KEY_UIApplicationSceneManifest_Generation = YES;
				INFOPLIST_KEY_UIApplicationSupportsIndirectInputEvents = YES;
				INFOPLIST_KEY_UILaunchScreen_Generation = YES;
				INFOPLIST_KEY_UISupportedInterfaceOrientations = UIInterfaceOrientationPortrait;
				IPHONEOS_DEPLOYMENT_TARGET = 18.0;
				LD_RUNPATH_SEARCH_PATHS = (
					"$(inherited)",
					"@executable_path/Frameworks",
				);
				MARKETING_VERSION = 1.0;
				PRODUCT_BUNDLE_IDENTIFIER = hfg.BigBudget;
				PRODUCT_NAME = "$(TARGET_NAME)";
				SWIFT_EMIT_LOC_STRINGS = YES;
				SWIFT_VERSION = 5.0;
				TARGETED_DEVICE_FAMILY = 1;
			};
			name = Release;
		};
		3F4191462D4EE22400B4E87A /* Debug */ = {
			isa = XCBuildConfiguration;
			buildSettings = {
				BUNDLE_LOADER = "$(TEST_HOST)";
				CODE_SIGN_STYLE = Automatic;
				CURRENT_PROJECT_VERSION = 1;
				DEVELOPMENT_TEAM = D5S2EKZX38;
				GENERATE_INFOPLIST_FILE = YES;
				IPHONEOS_DEPLOYMENT_TARGET = 18.2;
				MARKETING_VERSION = 1.0;
				PRODUCT_BUNDLE_IDENTIFIER = hfg.BigBudgetTests;
				PRODUCT_NAME = "$(TARGET_NAME)";
				SWIFT_EMIT_LOC_STRINGS = NO;
				SWIFT_VERSION = 5.0;
				TARGETED_DEVICE_FAMILY = "1,2";
				TEST_HOST = "$(BUILT_PRODUCTS_DIR)/BigBudget.app/$(BUNDLE_EXECUTABLE_FOLDER_PATH)/BigBudget";
			};
			name = Debug;
		};
		3F4191472D4EE22400B4E87A /* Release */ = {
			isa = XCBuildConfiguration;
			buildSettings = {
				BUNDLE_LOADER = "$(TEST_HOST)";
				CODE_SIGN_STYLE = Automatic;
				CURRENT_PROJECT_VERSION = 1;
				DEVELOPMENT_TEAM = D5S2EKZX38;
				GENERATE_INFOPLIST_FILE = YES;
				IPHONEOS_DEPLOYMENT_TARGET = 18.2;
				MARKETING_VERSION = 1.0;
				PRODUCT_BUNDLE_IDENTIFIER = hfg.BigBudgetTests;
				PRODUCT_NAME = "$(TARGET_NAME)";
				SWIFT_EMIT_LOC_STRINGS = NO;
				SWIFT_VERSION = 5.0;
				TARGETED_DEVICE_FAMILY = "1,2";
				TEST_HOST = "$(BUILT_PRODUCTS_DIR)/BigBudget.app/$(BUNDLE_EXECUTABLE_FOLDER_PATH)/BigBudget";
			};
			name = Release;
		};
		3F4191492D4EE22400B4E87A /* Debug */ = {
			isa = XCBuildConfiguration;
			buildSettings = {
				CODE_SIGN_STYLE = Automatic;
				CURRENT_PROJECT_VERSION = 1;
				DEVELOPMENT_TEAM = D5S2EKZX38;
				GENERATE_INFOPLIST_FILE = YES;
				MARKETING_VERSION = 1.0;
				PRODUCT_BUNDLE_IDENTIFIER = hfg.BigBudgetUITests;
				PRODUCT_NAME = "$(TARGET_NAME)";
				SWIFT_EMIT_LOC_STRINGS = NO;
				SWIFT_VERSION = 5.0;
				TARGETED_DEVICE_FAMILY = "1,2";
				TEST_TARGET_NAME = BigBudget;
			};
			name = Debug;
		};
		3F41914A2D4EE22400B4E87A /* Release */ = {
			isa = XCBuildConfiguration;
			buildSettings = {
				CODE_SIGN_STYLE = Automatic;
				CURRENT_PROJECT_VERSION = 1;
				DEVELOPMENT_TEAM = D5S2EKZX38;
				GENERATE_INFOPLIST_FILE = YES;
				MARKETING_VERSION = 1.0;
				PRODUCT_BUNDLE_IDENTIFIER = hfg.BigBudgetUITests;
				PRODUCT_NAME = "$(TARGET_NAME)";
				SWIFT_EMIT_LOC_STRINGS = NO;
				SWIFT_VERSION = 5.0;
				TARGETED_DEVICE_FAMILY = "1,2";
				TEST_TARGET_NAME = BigBudget;
			};
			name = Release;
		};
/* End XCBuildConfiguration section */

/* Begin XCConfigurationList section */
		3F4191192D4EE22000B4E87A /* Build configuration list for PBXProject "BigBudget" */ = {
			isa = XCConfigurationList;
			buildConfigurations = (
				3F4191402D4EE22400B4E87A /* Debug */,
				3F4191412D4EE22400B4E87A /* Release */,
			);
			defaultConfigurationIsVisible = 0;
			defaultConfigurationName = Release;
		};
		3F4191422D4EE22400B4E87A /* Build configuration list for PBXNativeTarget "BigBudget" */ = {
			isa = XCConfigurationList;
			buildConfigurations = (
				3F4191432D4EE22400B4E87A /* Debug */,
				3F4191442D4EE22400B4E87A /* Release */,
			);
			defaultConfigurationIsVisible = 0;
			defaultConfigurationName = Release;
		};
		3F4191452D4EE22400B4E87A /* Build configuration list for PBXNativeTarget "BigBudgetTests" */ = {
			isa = XCConfigurationList;
			buildConfigurations = (
				3F4191462D4EE22400B4E87A /* Debug */,
				3F4191472D4EE22400B4E87A /* Release */,
			);
			defaultConfigurationIsVisible = 0;
			defaultConfigurationName = Release;
		};
		3F4191482D4EE22400B4E87A /* Build configuration list for PBXNativeTarget "BigBudgetUITests" */ = {
			isa = XCConfigurationList;
			buildConfigurations = (
				3F4191492D4EE22400B4E87A /* Debug */,
				3F41914A2D4EE22400B4E87A /* Release */,
			);
			defaultConfigurationIsVisible = 0;
			defaultConfigurationName = Release;
		};
/* End XCConfigurationList section */
	};
	rootObject = 3F4191162D4EE22000B4E87A /* Project object */;
}
